{
  "name": "graphmine-answer-views",
  "lockfileVersion": 3,
  "requires": true,
  "packages": {
    "": {
      "name": "graphmine-answer-views",
      "dependencies": {
        "cytoscape": "3.34.3"
      }
    },
    "node_modules/cytoscape": {
      "version": "3.34.3",
      "resolved": "https://registry.npmjs.org/cytoscape/-/cytoscape-3.34.3.tgz",
      "integrity": "sha512-yfYGhRcGAntq6YBD583j4n0Eg3jIxvWmZtz/5uz9UYkeIStSlMxuUja+ec5j3iBD8nv1rwaOAYMW09tBdkSeaQ==",
      "license": "MIT",
      "engines": {
        "node": ">=0.10"
      }
    }
  }
}
